
Microsoft Visual Studio Solution File, Format Version 12.00
# Visual Studio Version 17
VisualStudioVersion = 17.11.34909.67
MinimumVisualStudioVersion = 10.0.40219.1
Project("{FAE04EC0-301F-11D3-BF4B-00C04F79EFBC}") = "MedIapp_API", "MedIapp_API\MedIapp_API.csproj", "{F43FD476-0674-4D54-AD21-B8E12663E60C}"
EndProject
Global
	GlobalSection(SolutionConfigurationPlatforms) = preSolution
		Debug|Any CPU = Debug|Any CPU
		Release|Any CPU = Release|Any CPU
	EndGlobalSection
	GlobalSection(ProjectConfigurationPlatforms) = postSolution
		{F43FD476-0674-4D54-AD21-B8E12663E60C}.Debug|Any CPU.ActiveCfg = Debug|Any CPU
		{F43FD476-0674-4D54-AD21-B8E12663E60C}.Debug|Any CPU.Build.0 = Debug|Any CPU
		{F43FD476-0674-4D54-AD21-B8E12663E60C}.Release|Any CPU.ActiveCfg = Release|Any CPU
		{F43FD476-0674-4D54-AD21-B8E12663E60C}.Release|Any CPU.Build.0 = Release|Any CPU
	EndGlobalSection
	GlobalSection(SolutionProperties) = preSolution
		HideSolutionNode = FALSE
	EndGlobalSection
	GlobalSection(ExtensibilityGlobals) = postSolution
		SolutionGuid = {8C02E023-4F19-4564-BA48-B96F895B07D8}
	EndGlobalSection
EndGlobal
